{
  "_readme": [
    "This file locks the dependencies of your project to a known state",
    "Read more about it at https://getcomposer.org/doc/01-basic-usage.md#installing-dependencies",
    "This file is @generated automatically"
  ],
  "content-hash": "YOUR_UNIQUE_CONTENT_HASH",
  "packages": [
    {
      "name": "brick/math",
      "version": "0.12.1",
      "source": {
        "type": "git",
        "url": "https://github.com/brick/math.git",
        "reference": "d52d18931e2d5c8253ac5a604384b030632e1d13"
      },
      "dist": {
        "type": "zip",
        "url": "https://api.github.com/repos/brick/math/zipball/d52d18931e2d5c8253ac5a604384b030632e1d13",
        "reference": "d52d18931e2d5c8253ac5a604384b030632e1d13",
        "shasum": ""
      },
      "require": {
        "php": "^8.0"
      },
      "require-dev": {
        "ext-bcmath": "*",
        "ext-gmp": "*"
      },
      "suggest": {
        "ext-bcmath": "Required for fast arbitrary-precision arithmetic operations.",
        "ext-gmp": "Required for fast arbitrary-precision arithmetic operations."
      },
      "type": "library",
      "extra": {
        "branch-alias": {
          "dev-main": "0.12.x-dev"
        }
      },
      "autoload": {
        "psr-4": {
          "Brick\\Math\\": "src/"
        }
      },
      "notification-url": "https://packagist.org/downloads/",
      "license": [
        "MIT"
      ],
      "authors": [
        {
          "name": "Benjamin Nicolas",
          "email": "benjamin.nicolas@gmail.com",
          "homepage": "https://github.com/BenMorel"
        }
      ],
      "description": "Arbitrary-precision integer and rational number library",
      "keywords": [
        "arbitrary-precision",
        "big-integer",
        "big-number",
        "big-rational",
        "bigint",
        "bignum",
        "decimal",
        "integer",
        "math",
        "rational"
      ],
      "time": "2024-03-24T17:59:31+00:00"
    }
  ],
  "packages-dev": [
    {
      "name": "fakerphp/faker",
      "version": "v1.23.1",
      "source": {
        "type": "git",
        "url": "https://github.com/fakerphp/faker.git",
        "reference": "5943c2344769268013a42a092892539cd488686c"
      },
      "dist": {
        "type": "zip",
        "url": "https://api.github.com/repos/fakerphp/faker/zipball/5943c2344769268013a42a092892539cd488686c",
        "reference": "5943c2344769268013a42a092892539cd488686c",
        "shasum": ""
      },
      "require": {
        "php": "^7.4 || ^8.0"
      },
      "type": "library",
      "extra": {
        "branch-alias": {
          "dev-main": "1.23-dev"
        }
      },
      "autoload": {
        "psr-4": {
          "Faker\\": "src/Faker/"
        }
      },
      "notification-url": "https://packagist.org/downloads/",
      "license": [
        "MIT"
      ],
      "authors": [
        {
          "name": "François Zaninotto"
        }
      ],
      "description": "Faker is a PHP library that generates fake data for you.",
      "keywords": [
        "data",
        "fake",
        "faker",
        "fixtures"
      ],
      "time": "2023-11-20T11:43:28+00:00"
    }
  ],
  "aliases": [],
  "minimum-stability": "stable",
  "stability-flags": [],
  "prefer-stable": true,
  "prefer-lowest": false,
  "platform": {
    "php": "^8.2"
  },
  "platform-dev": [],
  "plugin-api-version": "2.7.0"
}
